github.com/dustin/go-humanize v1.0.1 h1:GzkhY7T5VNhEkwH0PVJgjz+fX1rhBrR7pRT3mDkpeCY=
github.com/dustin/go-humanize v1.0.1/go.mod h1:Mu1zIs6XwVuF/gI1OepvI0qD18qycQx+mFykh5fBlto=
github.com/lwch/logging v1.1.3 h1:fYppr1h3TxSwH4WNHeO5g1gt1KDg4omd0rYw4ttddcU=
github.com/lwch/logging v1.1.3/go.mod h1:MxaC1CKm3o5EZcgRvPMXxS2ogwXTEPeo/3SCBiTqn3o=
github.com/lwch/runtime v1.0.1 h1:xfurs9IGzkTWfdum1K5GaDkEuGopohOQhk7roELmbf4=
github.com/lwch/runtime v1.0.1/go.mod h1:mJuSABS7wUvRK3rUyV624NZ3+rV5eiAhsGEuU1iNrtk=
github.com/nlpodyssey/gopickle v0.2.0 h1:4naD2DVylYJupQLbCQFdwo6yiXEmPyp+0xf5MVlrBDY=
github.com/nlpodyssey/gopickle v0.2.0/go.mod h1:YIUwjJ2O7+vnBsxUN+MHAAI3N+adqEGiw+nDpwW95bY=
gopkg.in/check.v1 v0.0.0-20161208181325-20d25e280405/go.mod h1:Co6ibVJAznAaIkqp8huTwlJQCZ016jof/cbN4VW5Yz0=
gopkg.in/yaml.v3 v3.0.1 h1:fxVm/GzAzEWqLHuvctI91KS9hhNmmWOoWu0XTYJS7CA=
gopkg.in/yaml.v3 v3.0.1/go.mod h1:K4uyk7z7BCEPqu6E+C64Yfv1cQ7kz7rIZviUmN+EgEM=
